// !$*UTF8*$!
{
	archiveVersion = 1;
	classes = {
	};
	objectVersion = 56;
	objects = {

/* Begin PBXBuildFile section */
		8C1D1C8C2A4E1B9900F5E835 /* CustomViews.swift in Sources */ = {isa = PBXBuildFile; fileRef = 8C1D1C8B2A4E1B9900F5E835 /* CustomViews.swift */; };
		8C3A08B02A4DBB00002EEDC6 /* LoginView.swift in Sources */ = {isa = PBXBuildFile; fileRef = 8C3A08AF2A4DBB00002EEDC6 /* LoginView.swift */; };
		8C3A08B62A4DBE58002EEDC6 /* String.swift in Sources */ = {isa = PBXBuildFile; fileRef = 8C3A08B52A4DBE58002EEDC6 /* String.swift */; };
		8C6AA9792A49D71D00A0FE83 /* WarehouseListViewModel.swift in Sources */ = {isa = PBXBuildFile; fileRef = 8C6AA9782A49D71D00A0FE83 /* WarehouseListViewModel.swift */; };
		8C8778052A434FC0005381E0 /* InventoryApp.swift in Sources */ = {isa = PBXBuildFile; fileRef = 8C8778042A434FC0005381E0 /* InventoryApp.swift */; };
		8C8778072A434FC0005381E0 /* ContentView.swift in Sources */ = {isa = PBXBuildFile; fileRef = 8C8778062A434FC0005381E0 /* ContentView.swift */; };
		8C8778092A434FC0005381E0 /* Assets.xcassets in Resources */ = {isa = PBXBuildFile; fileRef = 8C8778082A434FC0005381E0 /* Assets.xcassets */; };
		8C87780C2A434FC0005381E0 /* Preview Assets.xcassets in Resources */ = {isa = PBXBuildFile; fileRef = 8C87780B2A434FC0005381E0 /* Preview Assets.xcassets */; };
		8C8778162A435016005381E0 /* FirebaseAuth in Frameworks */ = {isa = PBXBuildFile; productRef = 8C8778152A435016005381E0 /* FirebaseAuth */; };
		8C8778182A435016005381E0 /* FirebaseDatabase in Frameworks */ = {isa = PBXBuildFile; productRef = 8C8778172A435016005381E0 /* FirebaseDatabase */; };
		8C87781A2A435016005381E0 /* FirebaseDatabaseSwift in Frameworks */ = {isa = PBXBuildFile; productRef = 8C8778192A435016005381E0 /* FirebaseDatabaseSwift */; };
		8C87781C2A435016005381E0 /* FirebaseFirestore in Frameworks */ = {isa = PBXBuildFile; productRef = 8C87781B2A435016005381E0 /* FirebaseFirestore */; };
		8C87781E2A435016005381E0 /* FirebaseFirestoreSwift in Frameworks */ = {isa = PBXBuildFile; productRef = 8C87781D2A435016005381E0 /* FirebaseFirestoreSwift */; };
		8C8778212A4352CA005381E0 /* Sort.swift in Sources */ = {isa = PBXBuildFile; fileRef = 8C8778202A4352CA005381E0 /* Sort.swift */; };
		8C8778232A4352E9005381E0 /* InventoryItem.swift in Sources */ = {isa = PBXBuildFile; fileRef = 8C8778222A4352E9005381E0 /* InventoryItem.swift */; };
		8C8778252A43530E005381E0 /* InventoryListViewModel.swift in Sources */ = {isa = PBXBuildFile; fileRef = 8C8778242A43530E005381E0 /* InventoryListViewModel.swift */; };
		8C8778292A4353EB005381E0 /* GoogleService-Info.plist in Resources */ = {isa = PBXBuildFile; fileRef = 8C8778282A4353EB005381E0 /* GoogleService-Info.plist */; };
		8C9F2CB72A49ED8400B5A337 /* InventoryTests.swift in Sources */ = {isa = PBXBuildFile; fileRef = 8C9F2CB62A49ED8400B5A337 /* InventoryTests.swift */; };
/* End PBXBuildFile section */

/* Begin PBXContainerItemProxy section */
		8C9F2CB82A49ED8400B5A337 /* PBXContainerItemProxy */ = {
			isa = PBXContainerItemProxy;
			containerPortal = 8C8777F92A434FC0005381E0 /* Project object */;
			proxyType = 1;
			remoteGlobalIDString = 8C8778002A434FC0005381E0;
			remoteInfo = Inventory;
		};
/* End PBXContainerItemProxy section */

/* Begin PBXFileReference section */
		8C1D1C8B2A4E1B9900F5E835 /* CustomViews.swift */ = {isa = PBXFileReference; lastKnownFileType = sourcecode.swift; path = CustomViews.swift; sourceTree = "<group>"; };
		8C3A08AF2A4DBB00002EEDC6 /* LoginView.swift */ = {isa = PBXFileReference; lastKnownFileType = sourcecode.swift; path = LoginView.swift; sourceTree = "<group>"; };
		8C3A08B52A4DBE58002EEDC6 /* String.swift */ = {isa = PBXFileReference; lastKnownFileType = sourcecode.swift; path = String.swift; sourceTree = "<group>"; };
		8C6AA9782A49D71D00A0FE83 /* WarehouseListViewModel.swift */ = {isa = PBXFileReference; lastKnownFileType = sourcecode.swift; path = WarehouseListViewModel.swift; sourceTree = "<group>"; };
		8C8778012A434FC0005381E0 /* Inventory.app */ = {isa = PBXFileReference; explicitFileType = wrapper.application; includeInIndex = 0; path = Inventory.app; sourceTree = BUILT_PRODUCTS_DIR; };
		8C8778042A434FC0005381E0 /* InventoryApp.swift */ = {isa = PBXFileReference; lastKnownFileType = sourcecode.swift; path = InventoryApp.swift; sourceTree = "<group>"; };
		8C8778062A434FC0005381E0 /* ContentView.swift */ = {isa = PBXFileReference; lastKnownFileType = sourcecode.swift; path = ContentView.swift; sourceTree = "<group>"; };
		8C8778082A434FC0005381E0 /* Assets.xcassets */ = {isa = PBXFileReference; lastKnownFileType = folder.assetcatalog; path = Assets.xcassets; sourceTree = "<group>"; };
		8C87780B2A434FC0005381E0 /* Preview Assets.xcassets */ = {isa = PBXFileReference; lastKnownFileType = folder.assetcatalog; path = "Preview Assets.xcassets"; sourceTree = "<group>"; };
		8C87781F2A43513D005381E0 /* Info.plist */ = {isa = PBXFileReference; lastKnownFileType = text.plist; path = Info.plist; sourceTree = "<group>"; };
		8C8778202A4352CA005381E0 /* Sort.swift */ = {isa = PBXFileReference; lastKnownFileType = sourcecode.swift; path = Sort.swift; sourceTree = "<group>"; };
		8C8778222A4352E9005381E0 /* InventoryItem.swift */ = {isa = PBXFileReference; lastKnownFileType = sourcecode.swift; path = InventoryItem.swift; sourceTree = "<group>"; };
		8C8778242A43530E005381E0 /* InventoryListViewModel.swift */ = {isa = PBXFileReference; lastKnownFileType = sourcecode.swift; path = InventoryListViewModel.swift; sourceTree = "<group>"; };
		8C8778282A4353EB005381E0 /* GoogleService-Info.plist */ = {isa = PBXFileReference; fileEncoding = 4; lastKnownFileType = text.plist.xml; path = "GoogleService-Info.plist"; sourceTree = "<group>"; };
		8C9F2CB42A49ED8400B5A337 /* InventoryTests.xctest */ = {isa = PBXFileReference; explicitFileType = wrapper.cfbundle; includeInIndex = 0; path = InventoryTests.xctest; sourceTree = BUILT_PRODUCTS_DIR; };
		8C9F2CB62A49ED8400B5A337 /* InventoryTests.swift */ = {isa = PBXFileReference; lastKnownFileType = sourcecode.swift; path = InventoryTests.swift; sourceTree = "<group>"; };
/* End PBXFileReference section */

/* Begin PBXFrameworksBuildPhase section */
		8C8777FE2A434FC0005381E0 /* Frameworks */ = {
			isa = PBXFrameworksBuildPhase;
			buildActionMask = 2147483647;
			files = (
				8C87781E2A435016005381E0 /* FirebaseFirestoreSwift in Frameworks */,
				8C87781A2A435016005381E0 /* FirebaseDatabaseSwift in Frameworks */,
				8C87781C2A435016005381E0 /* FirebaseFirestore in Frameworks */,
				8C8778182A435016005381E0 /* FirebaseDatabase in Frameworks */,
				8C8778162A435016005381E0 /* FirebaseAuth in Frameworks */,
			);
			runOnlyForDeploymentPostprocessing = 0;
		};
		8C9F2CB12A49ED8400B5A337 /* Frameworks */ = {
			isa = PBXFrameworksBuildPhase;
			buildActionMask = 2147483647;
			files = (
			);
			runOnlyForDeploymentPostprocessing = 0;
		};
/* End PBXFrameworksBuildPhase section */

/* Begin PBXGroup section */
		8C3A08AC2A4DBAC5002EEDC6 /* Auth */ = {
			isa = PBXGroup;
			children = (
				8C3A08AF2A4DBB00002EEDC6 /* LoginView.swift */,
				8C3A08B52A4DBE58002EEDC6 /* String.swift */,
				8C1D1C8B2A4E1B9900F5E835 /* CustomViews.swift */,
			);
			path = Auth;
			sourceTree = "<group>";
		};
		8C8777F82A434FC0005381E0 = {
			isa = PBXGroup;
			children = (
				8C3A08AC2A4DBAC5002EEDC6 /* Auth */,
				8C8778032A434FC0005381E0 /* Inventory */,
				8C9F2CB52A49ED8400B5A337 /* InventoryTests */,
				8C8778022A434FC0005381E0 /* Products */,
			);
			sourceTree = "<group>";
		};
		8C8778022A434FC0005381E0 /* Products */ = {
			isa = PBXGroup;
			children = (
				8C8778012A434FC0005381E0 /* Inventory.app */,
				8C9F2CB42A49ED8400B5A337 /* InventoryTests.xctest */,
			);
			name = Products;
			sourceTree = "<group>";
		};
		8C8778032A434FC0005381E0 /* Inventory */ = {
			isa = PBXGroup;
			children = (
				8C87781F2A43513D005381E0 /* Info.plist */,
				8C8778282A4353EB005381E0 /* GoogleService-Info.plist */,
				8C8778042A434FC0005381E0 /* InventoryApp.swift */,
				8C8778062A434FC0005381E0 /* ContentView.swift */,
				8C8778242A43530E005381E0 /* InventoryListViewModel.swift */,
				8C6AA9782A49D71D00A0FE83 /* WarehouseListViewModel.swift */,
				8C8778222A4352E9005381E0 /* InventoryItem.swift */,
				8C8778202A4352CA005381E0 /* Sort.swift */,
				8C8778082A434FC0005381E0 /* Assets.xcassets */,
				8C87780A2A434FC0005381E0 /* Preview Content */,
			);
			path = Inventory;
			sourceTree = "<group>";
		};
		8C87780A2A434FC0005381E0 /* Preview Content */ = {
			isa = PBXGroup;
			children = (
				8C87780B2A434FC0005381E0 /* Preview Assets.xcassets */,
			);
			path = "Preview Content";
			sourceTree = "<group>";
		};
		8C9F2CB52A49ED8400B5A337 /* InventoryTests */ = {
			isa = PBXGroup;
			children = (
				8C9F2CB62A49ED8400B5A337 /* InventoryTests.swift */,
			);
			path = InventoryTests;
			sourceTree = "<group>";
		};
/* End PBXGroup section */

/* Begin PBXNativeTarget section */
		8C8778002A434FC0005381E0 /* Inventory */ = {
			isa = PBXNativeTarget;
			buildConfigurationList = 8C87780F2A434FC0005381E0 /* Build configuration list for PBXNativeTarget "Inventory" */;
			buildPhases = (
				8C8777FD2A434FC0005381E0 /* Sources */,
				8C8777FE2A434FC0005381E0 /* Frameworks */,
				8C8777FF2A434FC0005381E0 /* Resources */,
			);
			buildRules = (
			);
			dependencies = (
			);
			name = Inventory;
			packageProductDependencies = (
				8C8778152A435016005381E0 /* FirebaseAuth */,
				8C8778172A435016005381E0 /* FirebaseDatabase */,
				8C8778192A435016005381E0 /* FirebaseDatabaseSwift */,
				8C87781B2A435016005381E0 /* FirebaseFirestore */,
				8C87781D2A435016005381E0 /* FirebaseFirestoreSwift */,
			);
			productName = Inventory;
			productReference = 8C8778012A434FC0005381E0 /* Inventory.app */;
			productType = "com.apple.product-type.application";
		};
		8C9F2CB32A49ED8400B5A337 /* InventoryTests */ = {
			isa = PBXNativeTarget;
			buildConfigurationList = 8C9F2CBA2A49ED8400B5A337 /* Build configuration list for PBXNativeTarget "InventoryTests" */;
			buildPhases = (
				8C9F2CB02A49ED8400B5A337 /* Sources */,
				8C9F2CB12A49ED8400B5A337 /* Frameworks */,
				8C9F2CB22A49ED8400B5A337 /* Resources */,
			);
			buildRules = (
			);
			dependencies = (
				8C9F2CB92A49ED8400B5A337 /* PBXTargetDependency */,
			);
			name = InventoryTests;
			productName = InventoryTests;
			productReference = 8C9F2CB42A49ED8400B5A337 /* InventoryTests.xctest */;
			productType = "com.apple.product-type.bundle.unit-test";
		};
/* End PBXNativeTarget section */

/* Begin PBXProject section */
		8C8777F92A434FC0005381E0 /* Project object */ = {
			isa = PBXProject;
			attributes = {
				BuildIndependentTargetsInParallel = 1;
				LastSwiftUpdateCheck = 1430;
				LastUpgradeCheck = 1430;
				TargetAttributes = {
					8C8778002A434FC0005381E0 = {
						CreatedOnToolsVersion = 14.3.1;
					};
					8C9F2CB32A49ED8400B5A337 = {
						CreatedOnToolsVersion = 14.3.1;
						TestTargetID = 8C8778002A434FC0005381E0;
					};
				};
			};
			buildConfigurationList = 8C8777FC2A434FC0005381E0 /* Build configuration list for PBXProject "Inventory" */;
			compatibilityVersion = "Xcode 14.0";
			developmentRegion = en;
			hasScannedForEncodings = 0;
			knownRegions = (
				en,
				Base,
			);
			mainGroup = 8C8777F82A434FC0005381E0;
			packageReferences = (
				8C8778142A435016005381E0 /* XCRemoteSwiftPackageReference "firebase-ios-sdk" */,
			);
			productRefGroup = 8C8778022A434FC0005381E0 /* Products */;
			projectDirPath = "";
			projectRoot = "";
			targets = (
				8C8778002A434FC0005381E0 /* Inventory */,
				8C9F2CB32A49ED8400B5A337 /* InventoryTests */,
			);
		};
/* End PBXProject section */

/* Begin PBXResourcesBuildPhase section */
		8C8777FF2A434FC0005381E0 /* Resources */ = {
			isa = PBXResourcesBuildPhase;
			buildActionMask = 2147483647;
			files = (
				8C87780C2A434FC0005381E0 /* Preview Assets.xcassets in Resources */,
				8C8778092A434FC0005381E0 /* Assets.xcassets in Resources */,
				8C8778292A4353EB005381E0 /* GoogleService-Info.plist in Resources */,
			);
			runOnlyForDeploymentPostprocessing = 0;
		};
		8C9F2CB22A49ED8400B5A337 /* Resources */ = {
			isa = PBXResourcesBuildPhase;
			buildActionMask = 2147483647;
			files = (
			);
			runOnlyForDeploymentPostprocessing = 0;
		};
/* End PBXResourcesBuildPhase section */

/* Begin PBXSourcesBuildPhase section */
		8C8777FD2A434FC0005381E0 /* Sources */ = {
			isa = PBXSourcesBuildPhase;
			buildActionMask = 2147483647;
			files = (
				8C1D1C8C2A4E1B9900F5E835 /* CustomViews.swift in Sources */,
				8C8778072A434FC0005381E0 /* ContentView.swift in Sources */,
				8C3A08B02A4DBB00002EEDC6 /* LoginView.swift in Sources */,
				8C3A08B62A4DBE58002EEDC6 /* String.swift in Sources */,
				8C8778052A434FC0005381E0 /* InventoryApp.swift in Sources */,
				8C6AA9792A49D71D00A0FE83 /* WarehouseListViewModel.swift in Sources */,
				8C8778212A4352CA005381E0 /* Sort.swift in Sources */,
				8C8778232A4352E9005381E0 /* InventoryItem.swift in Sources */,
				8C8778252A43530E005381E0 /* InventoryListViewModel.swift in Sources */,
			);
			runOnlyForDeploymentPostprocessing = 0;
		};
		8C9F2CB02A49ED8400B5A337 /* Sources */ = {
			isa = PBXSourcesBuildPhase;
			buildActionMask = 2147483647;
			files = (
				8C9F2CB72A49ED8400B5A337 /* InventoryTests.swift in Sources */,
			);
			runOnlyForDeploymentPostprocessing = 0;
		};
/* End PBXSourcesBuildPhase section */

/* Begin PBXTargetDependency section */
		8C9F2CB92A49ED8400B5A337 /* PBXTargetDependency */ = {
			isa = PBXTargetDependency;
			target = 8C8778002A434FC0005381E0 /* Inventory */;
			targetProxy = 8C9F2CB82A49ED8400B5A337 /* PBXContainerItemProxy */;
		};
/* End PBXTargetDependency section */

/* Begin XCBuildConfiguration section */
		8C87780D2A434FC0005381E0 /* Debug */ = {
			isa = XCBuildConfiguration;
			buildSettings = {
				ALWAYS_SEARCH_USER_PATHS = NO;
				CLANG_ANALYZER_NONNULL = YES;
				CLANG_ANALYZER_NUMBER_OBJECT_CONVERSION = YES_AGGRESSIVE;
				CLANG_CXX_LANGUAGE_STANDARD = "gnu++20";
				CLANG_ENABLE_MODULES = YES;
				CLANG_ENABLE_OBJC_ARC = YES;
				CLANG_ENABLE_OBJC_WEAK = YES;
				CLANG_WARN_BLOCK_CAPTURE_AUTORELEASING = YES;
				CLANG_WARN_BOOL_CONVERSION = YES;
				CLANG_WARN_COMMA = YES;
				CLANG_WARN_CONSTANT_CONVERSION = YES;
				CLANG_WARN_DEPRECATED_OBJC_IMPLEMENTATIONS = YES;
				CLANG_WARN_DIRECT_OBJC_ISA_USAGE = YES_ERROR;
				CLANG_WARN_DOCUMENTATION_COMMENTS = YES;
				CLANG_WARN_EMPTY_BODY = YES;
				CLANG_WARN_ENUM_CONVERSION = YES;
				CLANG_WARN_INFINITE_RECURSION = YES;
				CLANG_WARN_INT_CONVERSION = YES;
				CLANG_WARN_NON_LITERAL_NULL_CONVERSION = YES;
				CLANG_WARN_OBJC_IMPLICIT_RETAIN_SELF = YES;
				CLANG_WARN_OBJC_LITERAL_CONVERSION = YES;
				CLANG_WARN_OBJC_ROOT_CLASS = YES_ERROR;
				CLANG_WARN_QUOTED_INCLUDE_IN_FRAMEWORK_HEADER = YES;
				CLANG_WARN_RANGE_LOOP_ANALYSIS = YES;
				CLANG_WARN_STRICT_PROTOTYPES = YES;
				CLANG_WARN_SUSPICIOUS_MOVE = YES;
				CLANG_WARN_UNGUARDED_AVAILABILITY = YES_AGGRESSIVE;
				CLANG_WARN_UNREACHABLE_CODE = YES;
				CLANG_WARN__DUPLICATE_METHOD_MATCH = YES;
				COPY_PHASE_STRIP = NO;
				DEBUG_INFORMATION_FORMAT = dwarf;
				ENABLE_STRICT_OBJC_MSGSEND = YES;
				ENABLE_TESTABILITY = YES;
				GCC_C_LANGUAGE_STANDARD = gnu11;
				GCC_DYNAMIC_NO_PIC = NO;
				GCC_NO_COMMON_BLOCKS = YES;
				GCC_OPTIMIZATION_LEVEL = 0;
				GCC_PREPROCESSOR_DEFINITIONS = (
					"DEBUG=1",
					"$(inherited)",
				);
				GCC_WARN_64_TO_32_BIT_CONVERSION = YES;
				GCC_WARN_ABOUT_RETURN_TYPE = YES_ERROR;
				GCC_WARN_UNDECLARED_SELECTOR = YES;
				GCC_WARN_UNINITIALIZED_AUTOS = YES_AGGRESSIVE;
				GCC_WARN_UNUSED_FUNCTION = YES;
				GCC_WARN_UNUSED_VARIABLE = YES;
				IPHONEOS_DEPLOYMENT_TARGET = 16.4;
				MTL_ENABLE_DEBUG_INFO = INCLUDE_SOURCE;
				MTL_FAST_MATH = YES;
				ONLY_ACTIVE_ARCH = YES;
				SDKROOT = iphoneos;
				SWIFT_ACTIVE_COMPILATION_CONDITIONS = DEBUG;
				SWIFT_OPTIMIZATION_LEVEL = "-Onone";
			};
			name = Debug;
		};
		8C87780E2A434FC0005381E0 /* Release */ = {
			isa = XCBuildConfiguration;
			buildSettings = {
				ALWAYS_SEARCH_USER_PATHS = NO;
				CLANG_ANALYZER_NONNULL = YES;
				CLANG_ANALYZER_NUMBER_OBJECT_CONVERSION = YES_AGGRESSIVE;
				CLANG_CXX_LANGUAGE_STANDARD = "gnu++20";
				CLANG_ENABLE_MODULES = YES;
				CLANG_ENABLE_OBJC_ARC = YES;
				CLANG_ENABLE_OBJC_WEAK = YES;
				CLANG_WARN_BLOCK_CAPTURE_AUTORELEASING = YES;
				CLANG_WARN_BOOL_CONVERSION = YES;
				CLANG_WARN_COMMA = YES;
				CLANG_WARN_CONSTANT_CONVERSION = YES;
				CLANG_WARN_DEPRECATED_OBJC_IMPLEMENTATIONS = YES;
				CLANG_WARN_DIRECT_OBJC_ISA_USAGE = YES_ERROR;
				CLANG_WARN_DOCUMENTATION_COMMENTS = YES;
				CLANG_WARN_EMPTY_BODY = YES;
				CLANG_WARN_ENUM_CONVERSION = YES;
				CLANG_WARN_INFINITE_RECURSION = YES;
				CLANG_WARN_INT_CONVERSION = YES;
				CLANG_WARN_NON_LITERAL_NULL_CONVERSION = YES;
				CLANG_WARN_OBJC_IMPLICIT_RETAIN_SELF = YES;
				CLANG_WARN_OBJC_LITERAL_CONVERSION = YES;
				CLANG_WARN_OBJC_ROOT_CLASS = YES_ERROR;
				CLANG_WARN_QUOTED_INCLUDE_IN_FRAMEWORK_HEADER = YES;
				CLANG_WARN_RANGE_LOOP_ANALYSIS = YES;
				CLANG_WARN_STRICT_PROTOTYPES = YES;
				CLANG_WARN_SUSPICIOUS_MOVE = YES;
				CLANG_WARN_UNGUARDED_AVAILABILITY = YES_AGGRESSIVE;
				CLANG_WARN_UNREACHABLE_CODE = YES;
				CLANG_WARN__DUPLICATE_METHOD_MATCH = YES;
				COPY_PHASE_STRIP = NO;
				DEBUG_INFORMATION_FORMAT = "dwarf-with-dsym";
				ENABLE_NS_ASSERTIONS = NO;
				ENABLE_STRICT_OBJC_MSGSEND = YES;
				GCC_C_LANGUAGE_STANDARD = gnu11;
				GCC_NO_COMMON_BLOCKS = YES;
				GCC_WARN_64_TO_32_BIT_CONVERSION = YES;
				GCC_WARN_ABOUT_RETURN_TYPE = YES_ERROR;
				GCC_WARN_UNDECLARED_SELECTOR = YES;
				GCC_WARN_UNINITIALIZED_AUTOS = YES_AGGRESSIVE;
				GCC_WARN_UNUSED_FUNCTION = YES;
				GCC_WARN_UNUSED_VARIABLE = YES;
				IPHONEOS_DEPLOYMENT_TARGET = 16.4;
				MTL_ENABLE_DEBUG_INFO = NO;
				MTL_FAST_MATH = YES;
				SDKROOT = iphoneos;
				SWIFT_COMPILATION_MODE = wholemodule;
				SWIFT_OPTIMIZATION_LEVEL = "-O";
				VALIDATE_PRODUCT = YES;
			};
			name = Release;
		};
		8C8778102A434FC0005381E0 /* Debug */ = {
			isa = XCBuildConfiguration;
			buildSettings = {
				ASSETCATALOG_COMPILER_APPICON_NAME = AppIcon;
				ASSETCATALOG_COMPILER_GLOBAL_ACCENT_COLOR_NAME = AccentColor;
				CODE_SIGN_STYLE = Automatic;
				CURRENT_PROJECT_VERSION = 1;
				DEVELOPMENT_ASSET_PATHS = "\"Inventory/Preview Content\"";
				DEVELOPMENT_TEAM = YJZS7QT99A;
				ENABLE_PREVIEWS = YES;
				GENERATE_INFOPLIST_FILE = YES;
				INFOPLIST_FILE = Inventory/Info.plist;
				INFOPLIST_KEY_UIApplicationSceneManifest_Generation = YES;
				INFOPLIST_KEY_UIApplicationSupportsIndirectInputEvents = YES;
				INFOPLIST_KEY_UILaunchScreen_Generation = YES;
				INFOPLIST_KEY_UISupportedInterfaceOrientations_iPad = "UIInterfaceOrientationPortrait UIInterfaceOrientationPortraitUpsideDown UIInterfaceOrientationLandscapeLeft UIInterfaceOrientationLandscapeRight";
				INFOPLIST_KEY_UISupportedInterfaceOrientations_iPhone = "UIInterfaceOrientationPortrait UIInterfaceOrientationLandscapeLeft UIInterfaceOrientationLandscapeRight";
				LD_RUNPATH_SEARCH_PATHS = (
					"$(inherited)",
					"@executable_path/Frameworks",
				);
				MARKETING_VERSION = 1.0;
				PRODUCT_BUNDLE_IDENTIFIER = com.geco.Inventory;
				PRODUCT_NAME = "$(TARGET_NAME)";
				SWIFT_EMIT_LOC_STRINGS = YES;
				SWIFT_VERSION = 5.0;
				TARGETED_DEVICE_FAMILY = "1,2";
			};
			name = Debug;
		};
		8C8778112A434FC0005381E0 /* Release */ = {
			isa = XCBuildConfiguration;
			buildSettings = {
				ASSETCATALOG_COMPILER_APPICON_NAME = AppIcon;
				ASSETCATALOG_COMPILER_GLOBAL_ACCENT_COLOR_NAME = AccentColor;
				CODE_SIGN_STYLE = Automatic;
				CURRENT_PROJECT_VERSION = 1;
				DEVELOPMENT_ASSET_PATHS = "\"Inventory/Preview Content\"";
				DEVELOPMENT_TEAM = YJZS7QT99A;
				ENABLE_PREVIEWS = YES;
				GENERATE_INFOPLIST_FILE = YES;
				INFOPLIST_FILE = Inventory/Info.plist;
				INFOPLIST_KEY_UIApplicationSceneManifest_Generation = YES;
				INFOPLIST_KEY_UIApplicationSupportsIndirectInputEvents = YES;
				INFOPLIST_KEY_UILaunchScreen_Generation = YES;
				INFOPLIST_KEY_UISupportedInterfaceOrientations_iPad = "UIInterfaceOrientationPortrait UIInterfaceOrientationPortraitUpsideDown UIInterfaceOrientationLandscapeLeft UIInterfaceOrientationLandscapeRight";
				INFOPLIST_KEY_UISupportedInterfaceOrientations_iPhone = "UIInterfaceOrientationPortrait UIInterfaceOrientationLandscapeLeft UIInterfaceOrientationLandscapeRight";
				LD_RUNPATH_SEARCH_PATHS = (
					"$(inherited)",
					"@executable_path/Frameworks",
				);
				MARKETING_VERSION = 1.0;
				PRODUCT_BUNDLE_IDENTIFIER = com.geco.Inventory;
				PRODUCT_NAME = "$(TARGET_NAME)";
				SWIFT_EMIT_LOC_STRINGS = YES;
				SWIFT_VERSION = 5.0;
				TARGETED_DEVICE_FAMILY = "1,2";
			};
			name = Release;
		};
		8C9F2CBB2A49ED8400B5A337 /* Debug */ = {
			isa = XCBuildConfiguration;
			buildSettings = {
				BUNDLE_LOADER = "$(TEST_HOST)";
				CODE_SIGN_STYLE = Automatic;
				CURRENT_PROJECT_VERSION = 1;
				DEVELOPMENT_TEAM = YJZS7QT99A;
				GENERATE_INFOPLIST_FILE = YES;
				IPHONEOS_DEPLOYMENT_TARGET = 16.4;
				MACOSX_DEPLOYMENT_TARGET = 13.3;
				MARKETING_VERSION = 1.0;
				PRODUCT_BUNDLE_IDENTIFIER = Geco.InventoryTests;
				PRODUCT_NAME = "$(TARGET_NAME)";
				SDKROOT = auto;
				SUPPORTED_PLATFORMS = "iphoneos iphonesimulator macosx";
				SWIFT_EMIT_LOC_STRINGS = NO;
				SWIFT_VERSION = 5.0;
				TARGETED_DEVICE_FAMILY = "1,2";
				TEST_HOST = "$(BUILT_PRODUCTS_DIR)/Inventory.app/$(BUNDLE_EXECUTABLE_FOLDER_PATH)/Inventory";
			};
			name = Debug;
		};
		8C9F2CBC2A49ED8400B5A337 /* Release */ = {
			isa = XCBuildConfiguration;
			buildSettings = {
				BUNDLE_LOADER = "$(TEST_HOST)";
				CODE_SIGN_STYLE = Automatic;
				CURRENT_PROJECT_VERSION = 1;
				DEVELOPMENT_TEAM = YJZS7QT99A;
				GENERATE_INFOPLIST_FILE = YES;
				IPHONEOS_DEPLOYMENT_TARGET = 16.4;
				MACOSX_DEPLOYMENT_TARGET = 13.3;
				MARKETING_VERSION = 1.0;
				PRODUCT_BUNDLE_IDENTIFIER = Geco.InventoryTests;
				PRODUCT_NAME = "$(TARGET_NAME)";
				SDKROOT = auto;
				SUPPORTED_PLATFORMS = "iphoneos iphonesimulator macosx";
				SWIFT_EMIT_LOC_STRINGS = NO;
				SWIFT_VERSION = 5.0;
				TARGETED_DEVICE_FAMILY = "1,2";
				TEST_HOST = "$(BUILT_PRODUCTS_DIR)/Inventory.app/$(BUNDLE_EXECUTABLE_FOLDER_PATH)/Inventory";
			};
			name = Release;
		};
/* End XCBuildConfiguration section */

/* Begin XCConfigurationList section */
		8C8777FC2A434FC0005381E0 /* Build configuration list for PBXProject "Inventory" */ = {
			isa = XCConfigurationList;
			buildConfigurations = (
				8C87780D2A434FC0005381E0 /* Debug */,
				8C87780E2A434FC0005381E0 /* Release */,
			);
			defaultConfigurationIsVisible = 0;
			defaultConfigurationName = Release;
		};
		8C87780F2A434FC0005381E0 /* Build configuration list for PBXNativeTarget "Inventory" */ = {
			isa = XCConfigurationList;
			buildConfigurations = (
				8C8778102A434FC0005381E0 /* Debug */,
				8C8778112A434FC0005381E0 /* Release */,
			);
			defaultConfigurationIsVisible = 0;
			defaultConfigurationName = Release;
		};
		8C9F2CBA2A49ED8400B5A337 /* Build configuration list for PBXNativeTarget "InventoryTests" */ = {
			isa = XCConfigurationList;
			buildConfigurations = (
				8C9F2CBB2A49ED8400B5A337 /* Debug */,
				8C9F2CBC2A49ED8400B5A337 /* Release */,
			);
			defaultConfigurationIsVisible = 0;
			defaultConfigurationName = Release;
		};
/* End XCConfigurationList section */

/* Begin XCRemoteSwiftPackageReference section */
		8C8778142A435016005381E0 /* XCRemoteSwiftPackageReference "firebase-ios-sdk" */ = {
			isa = XCRemoteSwiftPackageReference;
			repositoryURL = "https://github.com/firebase/firebase-ios-sdk";
			requirement = {
				kind = upToNextMajorVersion;
				minimumVersion = 10.0.0;
			};
		};
/* End XCRemoteSwiftPackageReference section */

/* Begin XCSwiftPackageProductDependency section */
		8C8778152A435016005381E0 /* FirebaseAuth */ = {
			isa = XCSwiftPackageProductDependency;
			package = 8C8778142A435016005381E0 /* XCRemoteSwiftPackageReference "firebase-ios-sdk" */;
			productName = FirebaseAuth;
		};
		8C8778172A435016005381E0 /* FirebaseDatabase */ = {
			isa = XCSwiftPackageProductDependency;
			package = 8C8778142A435016005381E0 /* XCRemoteSwiftPackageReference "firebase-ios-sdk" */;
			productName = FirebaseDatabase;
		};
		8C8778192A435016005381E0 /* FirebaseDatabaseSwift */ = {
			isa = XCSwiftPackageProductDependency;
			package = 8C8778142A435016005381E0 /* XCRemoteSwiftPackageReference "firebase-ios-sdk" */;
			productName = FirebaseDatabaseSwift;
		};
		8C87781B2A435016005381E0 /* FirebaseFirestore */ = {
			isa = XCSwiftPackageProductDependency;
			package = 8C8778142A435016005381E0 /* XCRemoteSwiftPackageReference "firebase-ios-sdk" */;
			productName = FirebaseFirestore;
		};
		8C87781D2A435016005381E0 /* FirebaseFirestoreSwift */ = {
			isa = XCSwiftPackageProductDependency;
			package = 8C8778142A435016005381E0 /* XCRemoteSwiftPackageReference "firebase-ios-sdk" */;
			productName = FirebaseFirestoreSwift;
		};
/* End XCSwiftPackageProductDependency section */
	};
	rootObject = 8C8777F92A434FC0005381E0 /* Project object */;
}
